{
  "originHash" : "c919eba0581fc999a7a369ef38c3d918e663a94f5443896fbd14a81f2f99c88a",
  "pins" : [
    {
      "identity" : "alamofire",
      "kind" : "remoteSourceControl",
      "location" : "https://github.com/Alamofire/Alamofire.git",
      "state" : {
        "revision" : "f455c2975872ccd2d9c81594c658af65716e9b9a",
        "version" : "5.9.1"
      }
    },
    {
      "identity" : "baseapi",
      "kind" : "remoteSourceControl",
      "location" : "https://github.com/serhii-londar/BaseAPI.git",
      "state" : {
        "revision" : "8e736fa8302647749fb1b4ebe3c59e920174a095",
        "version" : "0.2.1"
      }
    },
    {
      "identity" : "currencyproviding",
      "kind" : "remoteSourceControl",
      "location" : "https://github.com/JamesSedlacek/CurrencyProviding.git",
      "state" : {
        "branch" : "main",
        "revision" : "c4b5187549298216f7e6f7aa525c3287ef673bdc"
      }
    },
    {
      "identity" : "debugswift",
      "kind" : "remoteSourceControl",
      "location" : "https://github.com/DebugSwift/DebugSwift.git",
      "state" : {
        "revision" : "9af8a3d1d099793c8fd04b0c8fb45264b5b9820b",
        "version" : "0.3.2"
      }
    },
    {
      "identity" : "isscrolling",
      "kind" : "remoteSourceControl",
      "location" : "https://github.com/fatbobman/IsScrolling.git",
      "state" : {
        "revision" : "7def8d8f789a326b6f725a76cee8ec3fa69511df",
        "version" : "1.1.2"
      }
    },
    {
      "identity" : "kanna",
      "kind" : "remoteSourceControl",
      "location" : "https://github.com/tid-kijyun/Kanna.git",
      "state" : {
        "revision" : "41c3d28ea0eac07e4551b28def9de1ede702e739",
        "version" : "5.3.0"
      }
    },
    {
      "identity" : "markupeditor",
      "kind" : "remoteSourceControl",
      "location" : "https://github.com/stevengharris/MarkupEditor.git",
      "state" : {
        "revision" : "d44007f951a7c64b260feaaa99c08e8f253414f8",
        "version" : "0.7.2"
      }
    },
    {
      "identity" : "mobile-sdk-ios",
      "kind" : "remoteSourceControl",
      "location" : "https://github.com/crowdin/mobile-sdk-ios.git",
      "state" : {
        "revision" : "14b0ae8050f29e95c40f7bc8ea73c3fd60afc6a2",
        "version" : "1.8.0"
      }
    },
    {
      "identity" : "musadorakit",
      "kind" : "remoteSourceControl",
      "location" : "https://github.com/rryam/MusadoraKit.git",
      "state" : {
        "branch" : "main",
        "revision" : "1bcfcdb819c6a3fb7d2b8a840273f11e2edce135"
      }
    },
    {
      "identity" : "onboardingkit",
      "kind" : "remoteSourceControl",
      "location" : "https://github.com/JamesSedlacek/OnboardingKit.git",
      "state" : {
        "branch" : "main",
        "revision" : "3544c860f9a5919a4e4277190f359f034eecc29d"
      }
    },
    {
      "identity" : "sdwebimage",
      "kind" : "remoteSourceControl",
      "location" : "https://github.com/SDWebImage/SDWebImage.git",
      "state" : {
        "revision" : "f6afa0132961d593f07970d84e2d8b588c29ea04",
        "version" : "5.19.1"
      }
    },
    {
      "identity" : "sdwebimageswiftui",
      "kind" : "remoteSourceControl",
      "location" : "https://github.com/SDWebImage/SDWebImageSwiftUI",
      "state" : {
        "revision" : "b7af5e6bd9c2987e41730400d1baad13d74a141a",
        "version" : "3.0.4"
      }
    },
    {
      "identity" : "starscream",
      "kind" : "remoteSourceControl",
      "location" : "https://github.com/daltoniam/Starscream.git",
      "state" : {
        "revision" : "c6bfd1af48efcc9a9ad203665db12375ba6b145a",
        "version" : "4.0.8"
      }
    },
    {
      "identity" : "swiftsoup",
      "kind" : "remoteSourceControl",
      "location" : "https://github.com/scinfu/SwiftSoup.git",
      "state" : {
        "revision" : "028487d4a8a291b2fe1b4392b5425b6172056148",
        "version" : "2.7.2"
      }
    },
    {
      "identity" : "verticalsplit",
      "kind" : "remoteSourceControl",
      "location" : "https://github.com/vedantgurav/VerticalSplit.git",
      "state" : {
        "branch" : "main",
        "revision" : "2b50905a8aab52e6e1e50d4769d3c60f2a630859"
      }
    }
  ],
  "version" : 3
}
