// !$*UTF8*$!
{
	archiveVersion = 1;
	classes = {
	};
	objectVersion = 56;
	objects = {

/* Begin PBXBuildFile section */
		BF1319482A84BAD700AA0EDD /* CrowdinSDK in Frameworks */ = {isa = PBXBuildFile; productRef = BF1319472A84BAD700AA0EDD /* CrowdinSDK */; };
		BF1319562A85CEED00AA0EDD /* RollingCounterView.swift in Sources */ = {isa = PBXBuildFile; fileRef = BF1319552A85CEED00AA0EDD /* RollingCounterView.swift */; };
		BF1319582A85CF5F00AA0EDD /* RollingText.swift in Sources */ = {isa = PBXBuildFile; fileRef = BF1319572A85CF5F00AA0EDD /* RollingText.swift */; };
		BF13195C2A85DA1900AA0EDD /* Double+Ext.swift in Sources */ = {isa = PBXBuildFile; fileRef = BF13195B2A85DA1900AA0EDD /* Double+Ext.swift */; };
		BF27BF5F291A3FB7007BA722 /* CoreDataDemo.swift in Sources */ = {isa = PBXBuildFile; fileRef = BF27BF5E291A3FB7007BA722 /* CoreDataDemo.swift */; };
		BF27BF62291A405E007BA722 /* Bookworm.xcdatamodeld in Sources */ = {isa = PBXBuildFile; fileRef = BF27BF60291A405E007BA722 /* Bookworm.xcdatamodeld */; };
		BF27BF64291A5232007BA722 /* DataController.swift in Sources */ = {isa = PBXBuildFile; fileRef = BF27BF63291A5232007BA722 /* DataController.swift */; };
		BF4F3BB42A5D32D600755BC8 /* LazyVGridDemo.swift in Sources */ = {isa = PBXBuildFile; fileRef = BF4F3BB32A5D32D600755BC8 /* LazyVGridDemo.swift */; };
		BF5ED96528F8F94B0014A1F1 /* LogoDemo3App.swift in Sources */ = {isa = PBXBuildFile; fileRef = BF5ED96428F8F94B0014A1F1 /* LogoDemo3App.swift */; };
		BF5ED96728F8F94B0014A1F1 /* ContentView.swift in Sources */ = {isa = PBXBuildFile; fileRef = BF5ED96628F8F94B0014A1F1 /* ContentView.swift */; };
		BF5ED96928F8F94C0014A1F1 /* Assets.xcassets in Resources */ = {isa = PBXBuildFile; fileRef = BF5ED96828F8F94C0014A1F1 /* Assets.xcassets */; };
		BF5ED96C28F8F94C0014A1F1 /* Preview Assets.xcassets in Resources */ = {isa = PBXBuildFile; fileRef = BF5ED96B28F8F94C0014A1F1 /* Preview Assets.xcassets */; };
		BF5ED97628F8F94C0014A1F1 /* LogoDemo3Tests.swift in Sources */ = {isa = PBXBuildFile; fileRef = BF5ED97528F8F94C0014A1F1 /* LogoDemo3Tests.swift */; };
		BF5ED98028F8F94C0014A1F1 /* LogoDemo3UITests.swift in Sources */ = {isa = PBXBuildFile; fileRef = BF5ED97F28F8F94C0014A1F1 /* LogoDemo3UITests.swift */; };
		BF5ED98228F8F94C0014A1F1 /* LogoDemo3UITestsLaunchTests.swift in Sources */ = {isa = PBXBuildFile; fileRef = BF5ED98128F8F94C0014A1F1 /* LogoDemo3UITestsLaunchTests.swift */; };
		BF5ED98F28F8F9BF0014A1F1 /* CustumButtonStyle.swift in Sources */ = {isa = PBXBuildFile; fileRef = BF5ED98E28F8F9BF0014A1F1 /* CustumButtonStyle.swift */; };
		BF5ED99128F8FA060014A1F1 /* ButtonStyleExtension.swift in Sources */ = {isa = PBXBuildFile; fileRef = BF5ED99028F8FA060014A1F1 /* ButtonStyleExtension.swift */; };
		BF60C16728FD663400E92FB1 /* Company.swift in Sources */ = {isa = PBXBuildFile; fileRef = BF60C16628FD663400E92FB1 /* Company.swift */; };
		BF60C16928FD669500E92FB1 /* NavigationStackDemoView.swift in Sources */ = {isa = PBXBuildFile; fileRef = BF60C16828FD669500E92FB1 /* NavigationStackDemoView.swift */; };
		BF74FB082A874FAC001F5555 /* GlassMorphismView.swift in Sources */ = {isa = PBXBuildFile; fileRef = BF74FB072A874FAC001F5555 /* GlassMorphismView.swift */; };
		BF74FB0A2A8762EC001F5555 /* GlassMorphismCardView.swift in Sources */ = {isa = PBXBuildFile; fileRef = BF74FB092A8762EC001F5555 /* GlassMorphismCardView.swift */; };
		BF74FB0C2A876346001F5555 /* CustumBlurView.swift in Sources */ = {isa = PBXBuildFile; fileRef = BF74FB0B2A876346001F5555 /* CustumBlurView.swift */; };
		BF74FB0E2A8788D0001F5555 /* UIVisualEffectView+Ext.swift in Sources */ = {isa = PBXBuildFile; fileRef = BF74FB0D2A8788D0001F5555 /* UIVisualEffectView+Ext.swift */; };
		BF74FB102A889D9C001F5555 /* UIView+Ext.swift in Sources */ = {isa = PBXBuildFile; fileRef = BF74FB0F2A889D9C001F5555 /* UIView+Ext.swift */; };
		BF74FB142A88AE35001F5555 /* NSObject+Ext.swift in Sources */ = {isa = PBXBuildFile; fileRef = BF74FB132A88AE35001F5555 /* NSObject+Ext.swift */; };
		BF74FB182A893485001F5555 /* CardContentView.swift in Sources */ = {isa = PBXBuildFile; fileRef = BF74FB172A893485001F5555 /* CardContentView.swift */; };
		BF74FB1A2A8935E4001F5555 /* CustumModifier.swift in Sources */ = {isa = PBXBuildFile; fileRef = BF74FB192A8935E4001F5555 /* CustumModifier.swift */; };
		BFA2C48D293EF92300E98F80 /* KavSoftView.swift in Sources */ = {isa = PBXBuildFile; fileRef = BFA2C48C293EF92300E98F80 /* KavSoftView.swift */; };
		BFA2C490293EF9BA00E98F80 /* MagnifyingGlassView.swift in Sources */ = {isa = PBXBuildFile; fileRef = BFA2C48F293EF9BA00E98F80 /* MagnifyingGlassView.swift */; };
		BFB50ED128FEB0B200BCDA6A /* GridDemoView.swift in Sources */ = {isa = PBXBuildFile; fileRef = BFB50ED028FEB0B200BCDA6A /* GridDemoView.swift */; };
		BFB50ED328FEB52A00BCDA6A /* PhotosPickerDemo.swift in Sources */ = {isa = PBXBuildFile; fileRef = BFB50ED228FEB52A00BCDA6A /* PhotosPickerDemo.swift */; };
		BFB50ED528FED0BB00BCDA6A /* ViewThatFitsDemo.swift in Sources */ = {isa = PBXBuildFile; fileRef = BFB50ED428FED0BB00BCDA6A /* ViewThatFitsDemo.swift */; };
		BFB50ED828FFD26500BCDA6A /* CollapseCellModel.swift in Sources */ = {isa = PBXBuildFile; fileRef = BFB50ED728FFD26500BCDA6A /* CollapseCellModel.swift */; };
		BFB50EDA28FFD28800BCDA6A /* SubtaskCell.swift in Sources */ = {isa = PBXBuildFile; fileRef = BFB50ED928FFD28800BCDA6A /* SubtaskCell.swift */; };
		BFB50EDC28FFD32C00BCDA6A /* TasksView.swift in Sources */ = {isa = PBXBuildFile; fileRef = BFB50EDB28FFD32C00BCDA6A /* TasksView.swift */; };
		BFB50EDE28FFDB7B00BCDA6A /* CollapsibleDemoView.swift in Sources */ = {isa = PBXBuildFile; fileRef = BFB50EDD28FFDB7B00BCDA6A /* CollapsibleDemoView.swift */; };
		BFB50EE028FFDB9D00BCDA6A /* CollapsibleExt.swift in Sources */ = {isa = PBXBuildFile; fileRef = BFB50EDF28FFDB9D00BCDA6A /* CollapsibleExt.swift */; };
		BFE94822290FCB4300C9E597 /* LayoutView.swift in Sources */ = {isa = PBXBuildFile; fileRef = BFE94821290FCB4300C9E597 /* LayoutView.swift */; };
		BFEF9F772AAFFDDE007B4107 /* AnimatedTagView.swift in Sources */ = {isa = PBXBuildFile; fileRef = BFEF9F762AAFFDDE007B4107 /* AnimatedTagView.swift */; };
		BFEF9F7A2AB0017F007B4107 /* TagLayout.swift in Sources */ = {isa = PBXBuildFile; fileRef = BFEF9F792AB0017F007B4107 /* TagLayout.swift */; };
/* End PBXBuildFile section */

/* Begin PBXContainerItemProxy section */
		BF5ED97228F8F94C0014A1F1 /* PBXContainerItemProxy */ = {
			isa = PBXContainerItemProxy;
			containerPortal = BF5ED95928F8F94B0014A1F1 /* Project object */;
			proxyType = 1;
			remoteGlobalIDString = BF5ED96028F8F94B0014A1F1;
			remoteInfo = LogoDemo3;
		};
		BF5ED97C28F8F94C0014A1F1 /* PBXContainerItemProxy */ = {
			isa = PBXContainerItemProxy;
			containerPortal = BF5ED95928F8F94B0014A1F1 /* Project object */;
			proxyType = 1;
			remoteGlobalIDString = BF5ED96028F8F94B0014A1F1;
			remoteInfo = LogoDemo3;
		};
/* End PBXContainerItemProxy section */

/* Begin PBXFileReference section */
		BF1319552A85CEED00AA0EDD /* RollingCounterView.swift */ = {isa = PBXFileReference; lastKnownFileType = sourcecode.swift; path = RollingCounterView.swift; sourceTree = "<group>"; };
		BF1319572A85CF5F00AA0EDD /* RollingText.swift */ = {isa = PBXFileReference; lastKnownFileType = sourcecode.swift; path = RollingText.swift; sourceTree = "<group>"; };
		BF13195B2A85DA1900AA0EDD /* Double+Ext.swift */ = {isa = PBXFileReference; lastKnownFileType = sourcecode.swift; path = "Double+Ext.swift"; sourceTree = "<group>"; };
		BF27BF5E291A3FB7007BA722 /* CoreDataDemo.swift */ = {isa = PBXFileReference; lastKnownFileType = sourcecode.swift; path = CoreDataDemo.swift; sourceTree = "<group>"; };
		BF27BF61291A405E007BA722 /* Bookworm.xcdatamodel */ = {isa = PBXFileReference; lastKnownFileType = wrapper.xcdatamodel; path = Bookworm.xcdatamodel; sourceTree = "<group>"; };
		BF27BF63291A5232007BA722 /* DataController.swift */ = {isa = PBXFileReference; lastKnownFileType = sourcecode.swift; path = DataController.swift; sourceTree = "<group>"; };
		BF4F3BB32A5D32D600755BC8 /* LazyVGridDemo.swift */ = {isa = PBXFileReference; lastKnownFileType = sourcecode.swift; path = LazyVGridDemo.swift; sourceTree = "<group>"; };
		BF5ED96128F8F94B0014A1F1 /* LogoDemo3.app */ = {isa = PBXFileReference; explicitFileType = wrapper.application; includeInIndex = 0; path = LogoDemo3.app; sourceTree = BUILT_PRODUCTS_DIR; };
		BF5ED96428F8F94B0014A1F1 /* LogoDemo3App.swift */ = {isa = PBXFileReference; lastKnownFileType = sourcecode.swift; path = LogoDemo3App.swift; sourceTree = "<group>"; };
		BF5ED96628F8F94B0014A1F1 /* ContentView.swift */ = {isa = PBXFileReference; lastKnownFileType = sourcecode.swift; path = ContentView.swift; sourceTree = "<group>"; };
		BF5ED96828F8F94C0014A1F1 /* Assets.xcassets */ = {isa = PBXFileReference; lastKnownFileType = folder.assetcatalog; path = Assets.xcassets; sourceTree = "<group>"; };
		BF5ED96B28F8F94C0014A1F1 /* Preview Assets.xcassets */ = {isa = PBXFileReference; lastKnownFileType = folder.assetcatalog; path = "Preview Assets.xcassets"; sourceTree = "<group>"; };
		BF5ED97128F8F94C0014A1F1 /* LogoDemo3Tests.xctest */ = {isa = PBXFileReference; explicitFileType = wrapper.cfbundle; includeInIndex = 0; path = LogoDemo3Tests.xctest; sourceTree = BUILT_PRODUCTS_DIR; };
		BF5ED97528F8F94C0014A1F1 /* LogoDemo3Tests.swift */ = {isa = PBXFileReference; lastKnownFileType = sourcecode.swift; path = LogoDemo3Tests.swift; sourceTree = "<group>"; };
		BF5ED97B28F8F94C0014A1F1 /* LogoDemo3UITests.xctest */ = {isa = PBXFileReference; explicitFileType = wrapper.cfbundle; includeInIndex = 0; path = LogoDemo3UITests.xctest; sourceTree = BUILT_PRODUCTS_DIR; };
		BF5ED97F28F8F94C0014A1F1 /* LogoDemo3UITests.swift */ = {isa = PBXFileReference; lastKnownFileType = sourcecode.swift; path = LogoDemo3UITests.swift; sourceTree = "<group>"; };
		BF5ED98128F8F94C0014A1F1 /* LogoDemo3UITestsLaunchTests.swift */ = {isa = PBXFileReference; lastKnownFileType = sourcecode.swift; path = LogoDemo3UITestsLaunchTests.swift; sourceTree = "<group>"; };
		BF5ED98E28F8F9BF0014A1F1 /* CustumButtonStyle.swift */ = {isa = PBXFileReference; lastKnownFileType = sourcecode.swift; path = CustumButtonStyle.swift; sourceTree = "<group>"; };
		BF5ED99028F8FA060014A1F1 /* ButtonStyleExtension.swift */ = {isa = PBXFileReference; fileEncoding = 4; lastKnownFileType = sourcecode.swift; path = ButtonStyleExtension.swift; sourceTree = "<group>"; };
		BF60C16628FD663400E92FB1 /* Company.swift */ = {isa = PBXFileReference; lastKnownFileType = sourcecode.swift; path = Company.swift; sourceTree = "<group>"; };
		BF60C16828FD669500E92FB1 /* NavigationStackDemoView.swift */ = {isa = PBXFileReference; lastKnownFileType = sourcecode.swift; path = NavigationStackDemoView.swift; sourceTree = "<group>"; };
		BF74FB072A874FAC001F5555 /* GlassMorphismView.swift */ = {isa = PBXFileReference; lastKnownFileType = sourcecode.swift; path = GlassMorphismView.swift; sourceTree = "<group>"; };
		BF74FB092A8762EC001F5555 /* GlassMorphismCardView.swift */ = {isa = PBXFileReference; lastKnownFileType = sourcecode.swift; path = GlassMorphismCardView.swift; sourceTree = "<group>"; };
		BF74FB0B2A876346001F5555 /* CustumBlurView.swift */ = {isa = PBXFileReference; lastKnownFileType = sourcecode.swift; path = CustumBlurView.swift; sourceTree = "<group>"; };
		BF74FB0D2A8788D0001F5555 /* UIVisualEffectView+Ext.swift */ = {isa = PBXFileReference; lastKnownFileType = sourcecode.swift; path = "UIVisualEffectView+Ext.swift"; sourceTree = "<group>"; };
		BF74FB0F2A889D9C001F5555 /* UIView+Ext.swift */ = {isa = PBXFileReference; lastKnownFileType = sourcecode.swift; path = "UIView+Ext.swift"; sourceTree = "<group>"; };
		BF74FB132A88AE35001F5555 /* NSObject+Ext.swift */ = {isa = PBXFileReference; lastKnownFileType = sourcecode.swift; path = "NSObject+Ext.swift"; sourceTree = "<group>"; };
		BF74FB172A893485001F5555 /* CardContentView.swift */ = {isa = PBXFileReference; lastKnownFileType = sourcecode.swift; path = CardContentView.swift; sourceTree = "<group>"; };
		BF74FB192A8935E4001F5555 /* CustumModifier.swift */ = {isa = PBXFileReference; lastKnownFileType = sourcecode.swift; path = CustumModifier.swift; sourceTree = "<group>"; };
		BFA2C48C293EF92300E98F80 /* KavSoftView.swift */ = {isa = PBXFileReference; lastKnownFileType = sourcecode.swift; path = KavSoftView.swift; sourceTree = "<group>"; };
		BFA2C48F293EF9BA00E98F80 /* MagnifyingGlassView.swift */ = {isa = PBXFileReference; lastKnownFileType = sourcecode.swift; path = MagnifyingGlassView.swift; sourceTree = "<group>"; };
		BFB50ED028FEB0B200BCDA6A /* GridDemoView.swift */ = {isa = PBXFileReference; lastKnownFileType = sourcecode.swift; path = GridDemoView.swift; sourceTree = "<group>"; };
		BFB50ED228FEB52A00BCDA6A /* PhotosPickerDemo.swift */ = {isa = PBXFileReference; lastKnownFileType = sourcecode.swift; path = PhotosPickerDemo.swift; sourceTree = "<group>"; };
		BFB50ED428FED0BB00BCDA6A /* ViewThatFitsDemo.swift */ = {isa = PBXFileReference; lastKnownFileType = sourcecode.swift; path = ViewThatFitsDemo.swift; sourceTree = "<group>"; };
		BFB50ED728FFD26500BCDA6A /* CollapseCellModel.swift */ = {isa = PBXFileReference; lastKnownFileType = sourcecode.swift; path = CollapseCellModel.swift; sourceTree = "<group>"; };
		BFB50ED928FFD28800BCDA6A /* SubtaskCell.swift */ = {isa = PBXFileReference; lastKnownFileType = sourcecode.swift; path = SubtaskCell.swift; sourceTree = "<group>"; };
		BFB50EDB28FFD32C00BCDA6A /* TasksView.swift */ = {isa = PBXFileReference; lastKnownFileType = sourcecode.swift; path = TasksView.swift; sourceTree = "<group>"; };
		BFB50EDD28FFDB7B00BCDA6A /* CollapsibleDemoView.swift */ = {isa = PBXFileReference; lastKnownFileType = sourcecode.swift; path = CollapsibleDemoView.swift; sourceTree = "<group>"; };
		BFB50EDF28FFDB9D00BCDA6A /* CollapsibleExt.swift */ = {isa = PBXFileReference; lastKnownFileType = sourcecode.swift; path = CollapsibleExt.swift; sourceTree = "<group>"; };
		BFE94821290FCB4300C9E597 /* LayoutView.swift */ = {isa = PBXFileReference; lastKnownFileType = sourcecode.swift; path = LayoutView.swift; sourceTree = "<group>"; };
		BFEF9F762AAFFDDE007B4107 /* AnimatedTagView.swift */ = {isa = PBXFileReference; lastKnownFileType = sourcecode.swift; path = AnimatedTagView.swift; sourceTree = "<group>"; };
		BFEF9F792AB0017F007B4107 /* TagLayout.swift */ = {isa = PBXFileReference; lastKnownFileType = sourcecode.swift; path = TagLayout.swift; sourceTree = "<group>"; };
/* End PBXFileReference section */

/* Begin PBXFrameworksBuildPhase section */
		BF5ED95E28F8F94B0014A1F1 /* Frameworks */ = {
			isa = PBXFrameworksBuildPhase;
			buildActionMask = 2147483647;
			files = (
				BF1319482A84BAD700AA0EDD /* CrowdinSDK in Frameworks */,
			);
			runOnlyForDeploymentPostprocessing = 0;
		};
		BF5ED96E28F8F94C0014A1F1 /* Frameworks */ = {
			isa = PBXFrameworksBuildPhase;
			buildActionMask = 2147483647;
			files = (
			);
			runOnlyForDeploymentPostprocessing = 0;
		};
		BF5ED97828F8F94C0014A1F1 /* Frameworks */ = {
			isa = PBXFrameworksBuildPhase;
			buildActionMask = 2147483647;
			files = (
			);
			runOnlyForDeploymentPostprocessing = 0;
		};
/* End PBXFrameworksBuildPhase section */

/* Begin PBXGroup section */
		BF4F3BB52A5D35B400755BC8 /* CoreDataDemo */ = {
			isa = PBXGroup;
			children = (
				BF27BF5E291A3FB7007BA722 /* CoreDataDemo.swift */,
				BF27BF60291A405E007BA722 /* Bookworm.xcdatamodeld */,
				BF27BF63291A5232007BA722 /* DataController.swift */,
			);
			path = CoreDataDemo;
			sourceTree = "<group>";
		};
		BF4F3BB62A5D365500755BC8 /* Resources */ = {
			isa = PBXGroup;
			children = (
				BF5ED96828F8F94C0014A1F1 /* Assets.xcassets */,
			);
			path = Resources;
			sourceTree = "<group>";
		};
		BF5ED95828F8F94B0014A1F1 = {
			isa = PBXGroup;
			children = (
				BF5ED96328F8F94B0014A1F1 /* LogoDemo3 */,
				BF5ED97428F8F94C0014A1F1 /* LogoDemo3Tests */,
				BF5ED97E28F8F94C0014A1F1 /* LogoDemo3UITests */,
				BF5ED96228F8F94B0014A1F1 /* Products */,
			);
			sourceTree = "<group>";
		};
		BF5ED96228F8F94B0014A1F1 /* Products */ = {
			isa = PBXGroup;
			children = (
				BF5ED96128F8F94B0014A1F1 /* LogoDemo3.app */,
				BF5ED97128F8F94C0014A1F1 /* LogoDemo3Tests.xctest */,
				BF5ED97B28F8F94C0014A1F1 /* LogoDemo3UITests.xctest */,
			);
			name = Products;
			sourceTree = "<group>";
		};
		BF5ED96328F8F94B0014A1F1 /* LogoDemo3 */ = {
			isa = PBXGroup;
			children = (
				BF5ED96428F8F94B0014A1F1 /* LogoDemo3App.swift */,
				BF5ED96628F8F94B0014A1F1 /* ContentView.swift */,
				BFB50ED628FFD25100BCDA6A /* CollapseCells */,
				BFB5FB9228FE604500B7AA24 /* Extensions */,
				BFB5FB9128FE603A00B7AA24 /* Views */,
				BF60C16A28FE5B1600E92FB1 /* NavigationStack */,
				BF5ED96A28F8F94C0014A1F1 /* Preview Content */,
				BF4F3BB62A5D365500755BC8 /* Resources */,
			);
			path = LogoDemo3;
			sourceTree = "<group>";
		};
		BF5ED96A28F8F94C0014A1F1 /* Preview Content */ = {
			isa = PBXGroup;
			children = (
				BF5ED96B28F8F94C0014A1F1 /* Preview Assets.xcassets */,
			);
			path = "Preview Content";
			sourceTree = "<group>";
		};
		BF5ED97428F8F94C0014A1F1 /* LogoDemo3Tests */ = {
			isa = PBXGroup;
			children = (
				BF5ED97528F8F94C0014A1F1 /* LogoDemo3Tests.swift */,
			);
			path = LogoDemo3Tests;
			sourceTree = "<group>";
		};
		BF5ED97E28F8F94C0014A1F1 /* LogoDemo3UITests */ = {
			isa = PBXGroup;
			children = (
				BF5ED97F28F8F94C0014A1F1 /* LogoDemo3UITests.swift */,
				BF5ED98128F8F94C0014A1F1 /* LogoDemo3UITestsLaunchTests.swift */,
			);
			path = LogoDemo3UITests;
			sourceTree = "<group>";
		};
		BF60C16A28FE5B1600E92FB1 /* NavigationStack */ = {
			isa = PBXGroup;
			children = (
				BFB5FB9028FE603000B7AA24 /* Views */,
				BFB5FB8F28FE602B00B7AA24 /* Model */,
			);
			path = NavigationStack;
			sourceTree = "<group>";
		};
		BF74FB112A889DF0001F5555 /* GlassMorphismView */ = {
			isa = PBXGroup;
			children = (
				BF74FB072A874FAC001F5555 /* GlassMorphismView.swift */,
				BF74FB092A8762EC001F5555 /* GlassMorphismCardView.swift */,
				BF74FB172A893485001F5555 /* CardContentView.swift */,
				BF74FB192A8935E4001F5555 /* CustumModifier.swift */,
				BF74FB0B2A876346001F5555 /* CustumBlurView.swift */,
				BF74FB0D2A8788D0001F5555 /* UIVisualEffectView+Ext.swift */,
				BF74FB0F2A889D9C001F5555 /* UIView+Ext.swift */,
				BF74FB132A88AE35001F5555 /* NSObject+Ext.swift */,
			);
			path = GlassMorphismView;
			sourceTree = "<group>";
		};
		BF74FB122A889DFB001F5555 /* Rolling Counter */ = {
			isa = PBXGroup;
			children = (
				BF1319552A85CEED00AA0EDD /* RollingCounterView.swift */,
				BF1319572A85CF5F00AA0EDD /* RollingText.swift */,
			);
			path = "Rolling Counter";
			sourceTree = "<group>";
		};
		BFA2C48E293EF99C00E98F80 /* KavSoftTutorials */ = {
			isa = PBXGroup;
			children = (
				BFA2C48C293EF92300E98F80 /* KavSoftView.swift */,
				BFA2C48F293EF9BA00E98F80 /* MagnifyingGlassView.swift */,
				BFEF9F782AB00174007B4107 /* AnimatedTag */,
				BF74FB122A889DFB001F5555 /* Rolling Counter */,
				BF74FB112A889DF0001F5555 /* GlassMorphismView */,
			);
			path = KavSoftTutorials;
			sourceTree = "<group>";
		};
		BFB50ED628FFD25100BCDA6A /* CollapseCells */ = {
			isa = PBXGroup;
			children = (
				BFB50ED728FFD26500BCDA6A /* CollapseCellModel.swift */,
				BFB50ED928FFD28800BCDA6A /* SubtaskCell.swift */,
				BFB50EDB28FFD32C00BCDA6A /* TasksView.swift */,
			);
			path = CollapseCells;
			sourceTree = "<group>";
		};
		BFB5FB8F28FE602B00B7AA24 /* Model */ = {
			isa = PBXGroup;
			children = (
				BF60C16628FD663400E92FB1 /* Company.swift */,
			);
			path = Model;
			sourceTree = "<group>";
		};
		BFB5FB9028FE603000B7AA24 /* Views */ = {
			isa = PBXGroup;
			children = (
				BF60C16828FD669500E92FB1 /* NavigationStackDemoView.swift */,
			);
			path = Views;
			sourceTree = "<group>";
		};
		BFB5FB9128FE603A00B7AA24 /* Views */ = {
			isa = PBXGroup;
			children = (
				BF5ED98E28F8F9BF0014A1F1 /* CustumButtonStyle.swift */,
				BFB50ED028FEB0B200BCDA6A /* GridDemoView.swift */,
				BFB50ED228FEB52A00BCDA6A /* PhotosPickerDemo.swift */,
				BFB50ED428FED0BB00BCDA6A /* ViewThatFitsDemo.swift */,
				BFB50EDD28FFDB7B00BCDA6A /* CollapsibleDemoView.swift */,
				BF4F3BB32A5D32D600755BC8 /* LazyVGridDemo.swift */,
				BFE94820290FCB2300C9E597 /* NewLayoutAPI */,
				BF4F3BB52A5D35B400755BC8 /* CoreDataDemo */,
				BFA2C48E293EF99C00E98F80 /* KavSoftTutorials */,
			);
			path = Views;
			sourceTree = "<group>";
		};
		BFB5FB9228FE604500B7AA24 /* Extensions */ = {
			isa = PBXGroup;
			children = (
				BF5ED99028F8FA060014A1F1 /* ButtonStyleExtension.swift */,
				BFB50EDF28FFDB9D00BCDA6A /* CollapsibleExt.swift */,
				BF13195B2A85DA1900AA0EDD /* Double+Ext.swift */,
			);
			path = Extensions;
			sourceTree = "<group>";
		};
		BFE94820290FCB2300C9E597 /* NewLayoutAPI */ = {
			isa = PBXGroup;
			children = (
				BFE94821290FCB4300C9E597 /* LayoutView.swift */,
			);
			path = NewLayoutAPI;
			sourceTree = "<group>";
		};
		BFEF9F782AB00174007B4107 /* AnimatedTag */ = {
			isa = PBXGroup;
			children = (
				BFEF9F762AAFFDDE007B4107 /* AnimatedTagView.swift */,
				BFEF9F792AB0017F007B4107 /* TagLayout.swift */,
			);
			path = AnimatedTag;
			sourceTree = "<group>";
		};
/* End PBXGroup section */

/* Begin PBXNativeTarget section */
		BF5ED96028F8F94B0014A1F1 /* LogoDemo3 */ = {
			isa = PBXNativeTarget;
			buildConfigurationList = BF5ED98528F8F94C0014A1F1 /* Build configuration list for PBXNativeTarget "LogoDemo3" */;
			buildPhases = (
				BF5ED95D28F8F94B0014A1F1 /* Sources */,
				BF5ED95E28F8F94B0014A1F1 /* Frameworks */,
				BF5ED95F28F8F94B0014A1F1 /* Resources */,
			);
			buildRules = (
			);
			dependencies = (
			);
			name = LogoDemo3;
			packageProductDependencies = (
				BF1319472A84BAD700AA0EDD /* CrowdinSDK */,
			);
			productName = LogoDemo3;
			productReference = BF5ED96128F8F94B0014A1F1 /* LogoDemo3.app */;
			productType = "com.apple.product-type.application";
		};
		BF5ED97028F8F94C0014A1F1 /* LogoDemo3Tests */ = {
			isa = PBXNativeTarget;
			buildConfigurationList = BF5ED98828F8F94C0014A1F1 /* Build configuration list for PBXNativeTarget "LogoDemo3Tests" */;
			buildPhases = (
				BF5ED96D28F8F94C0014A1F1 /* Sources */,
				BF5ED96E28F8F94C0014A1F1 /* Frameworks */,
				BF5ED96F28F8F94C0014A1F1 /* Resources */,
			);
			buildRules = (
			);
			dependencies = (
				BF5ED97328F8F94C0014A1F1 /* PBXTargetDependency */,
			);
			name = LogoDemo3Tests;
			productName = LogoDemo3Tests;
			productReference = BF5ED97128F8F94C0014A1F1 /* LogoDemo3Tests.xctest */;
			productType = "com.apple.product-type.bundle.unit-test";
		};
		BF5ED97A28F8F94C0014A1F1 /* LogoDemo3UITests */ = {
			isa = PBXNativeTarget;
			buildConfigurationList = BF5ED98B28F8F94C0014A1F1 /* Build configuration list for PBXNativeTarget "LogoDemo3UITests" */;
			buildPhases = (
				BF5ED97728F8F94C0014A1F1 /* Sources */,
				BF5ED97828F8F94C0014A1F1 /* Frameworks */,
				BF5ED97928F8F94C0014A1F1 /* Resources */,
			);
			buildRules = (
			);
			dependencies = (
				BF5ED97D28F8F94C0014A1F1 /* PBXTargetDependency */,
			);
			name = LogoDemo3UITests;
			productName = LogoDemo3UITests;
			productReference = BF5ED97B28F8F94C0014A1F1 /* LogoDemo3UITests.xctest */;
			productType = "com.apple.product-type.bundle.ui-testing";
		};
/* End PBXNativeTarget section */

/* Begin PBXProject section */
		BF5ED95928F8F94B0014A1F1 /* Project object */ = {
			isa = PBXProject;
			attributes = {
				BuildIndependentTargetsInParallel = 1;
				LastSwiftUpdateCheck = 1400;
				LastUpgradeCheck = 1400;
				TargetAttributes = {
					BF5ED96028F8F94B0014A1F1 = {
						CreatedOnToolsVersion = 14.0.1;
					};
					BF5ED97028F8F94C0014A1F1 = {
						CreatedOnToolsVersion = 14.0.1;
						TestTargetID = BF5ED96028F8F94B0014A1F1;
					};
					BF5ED97A28F8F94C0014A1F1 = {
						CreatedOnToolsVersion = 14.0.1;
						TestTargetID = BF5ED96028F8F94B0014A1F1;
					};
				};
			};
			buildConfigurationList = BF5ED95C28F8F94B0014A1F1 /* Build configuration list for PBXProject "LogoDemo3" */;
			compatibilityVersion = "Xcode 14.0";
			developmentRegion = en;
			hasScannedForEncodings = 0;
			knownRegions = (
				en,
				Base,
			);
			mainGroup = BF5ED95828F8F94B0014A1F1;
			packageReferences = (
				BF1319462A84BAD700AA0EDD /* XCRemoteSwiftPackageReference "mobile-sdk-ios" */,
			);
			productRefGroup = BF5ED96228F8F94B0014A1F1 /* Products */;
			projectDirPath = "";
			projectRoot = "";
			targets = (
				BF5ED96028F8F94B0014A1F1 /* LogoDemo3 */,
				BF5ED97028F8F94C0014A1F1 /* LogoDemo3Tests */,
				BF5ED97A28F8F94C0014A1F1 /* LogoDemo3UITests */,
			);
		};
/* End PBXProject section */

/* Begin PBXResourcesBuildPhase section */
		BF5ED95F28F8F94B0014A1F1 /* Resources */ = {
			isa = PBXResourcesBuildPhase;
			buildActionMask = 2147483647;
			files = (
				BF5ED96C28F8F94C0014A1F1 /* Preview Assets.xcassets in Resources */,
				BF5ED96928F8F94C0014A1F1 /* Assets.xcassets in Resources */,
			);
			runOnlyForDeploymentPostprocessing = 0;
		};
		BF5ED96F28F8F94C0014A1F1 /* Resources */ = {
			isa = PBXResourcesBuildPhase;
			buildActionMask = 2147483647;
			files = (
			);
			runOnlyForDeploymentPostprocessing = 0;
		};
		BF5ED97928F8F94C0014A1F1 /* Resources */ = {
			isa = PBXResourcesBuildPhase;
			buildActionMask = 2147483647;
			files = (
			);
			runOnlyForDeploymentPostprocessing = 0;
		};
/* End PBXResourcesBuildPhase section */

/* Begin PBXSourcesBuildPhase section */
		BF5ED95D28F8F94B0014A1F1 /* Sources */ = {
			isa = PBXSourcesBuildPhase;
			buildActionMask = 2147483647;
			files = (
				BF4F3BB42A5D32D600755BC8 /* LazyVGridDemo.swift in Sources */,
				BFB50ED528FED0BB00BCDA6A /* ViewThatFitsDemo.swift in Sources */,
				BF74FB0C2A876346001F5555 /* CustumBlurView.swift in Sources */,
				BF74FB0A2A8762EC001F5555 /* GlassMorphismCardView.swift in Sources */,
				BF13195C2A85DA1900AA0EDD /* Double+Ext.swift in Sources */,
				BFB50ED128FEB0B200BCDA6A /* GridDemoView.swift in Sources */,
				BFE94822290FCB4300C9E597 /* LayoutView.swift in Sources */,
				BFB50ED828FFD26500BCDA6A /* CollapseCellModel.swift in Sources */,
				BF1319562A85CEED00AA0EDD /* RollingCounterView.swift in Sources */,
				BF74FB0E2A8788D0001F5555 /* UIVisualEffectView+Ext.swift in Sources */,
				BFEF9F772AAFFDDE007B4107 /* AnimatedTagView.swift in Sources */,
				BFB50ED328FEB52A00BCDA6A /* PhotosPickerDemo.swift in Sources */,
				BF74FB142A88AE35001F5555 /* NSObject+Ext.swift in Sources */,
				BF27BF5F291A3FB7007BA722 /* CoreDataDemo.swift in Sources */,
				BFA2C490293EF9BA00E98F80 /* MagnifyingGlassView.swift in Sources */,
				BF5ED96728F8F94B0014A1F1 /* ContentView.swift in Sources */,
				BFB50EDE28FFDB7B00BCDA6A /* CollapsibleDemoView.swift in Sources */,
				BF74FB182A893485001F5555 /* CardContentView.swift in Sources */,
				BF74FB102A889D9C001F5555 /* UIView+Ext.swift in Sources */,
				BF74FB082A874FAC001F5555 /* GlassMorphismView.swift in Sources */,
				BFB50EE028FFDB9D00BCDA6A /* CollapsibleExt.swift in Sources */,
				BFB50EDA28FFD28800BCDA6A /* SubtaskCell.swift in Sources */,
				BF5ED98F28F8F9BF0014A1F1 /* CustumButtonStyle.swift in Sources */,
				BFB50EDC28FFD32C00BCDA6A /* TasksView.swift in Sources */,
				BF60C16928FD669500E92FB1 /* NavigationStackDemoView.swift in Sources */,
				BF27BF64291A5232007BA722 /* DataController.swift in Sources */,
				BFEF9F7A2AB0017F007B4107 /* TagLayout.swift in Sources */,
				BF27BF62291A405E007BA722 /* Bookworm.xcdatamodeld in Sources */,
				BF5ED96528F8F94B0014A1F1 /* LogoDemo3App.swift in Sources */,
				BF60C16728FD663400E92FB1 /* Company.swift in Sources */,
				BFA2C48D293EF92300E98F80 /* KavSoftView.swift in Sources */,
				BF5ED99128F8FA060014A1F1 /* ButtonStyleExtension.swift in Sources */,
				BF1319582A85CF5F00AA0EDD /* RollingText.swift in Sources */,
				BF74FB1A2A8935E4001F5555 /* CustumModifier.swift in Sources */,
			);
			runOnlyForDeploymentPostprocessing = 0;
		};
		BF5ED96D28F8F94C0014A1F1 /* Sources */ = {
			isa = PBXSourcesBuildPhase;
			buildActionMask = 2147483647;
			files = (
				BF5ED97628F8F94C0014A1F1 /* LogoDemo3Tests.swift in Sources */,
			);
			runOnlyForDeploymentPostprocessing = 0;
		};
		BF5ED97728F8F94C0014A1F1 /* Sources */ = {
			isa = PBXSourcesBuildPhase;
			buildActionMask = 2147483647;
			files = (
				BF5ED98228F8F94C0014A1F1 /* LogoDemo3UITestsLaunchTests.swift in Sources */,
				BF5ED98028F8F94C0014A1F1 /* LogoDemo3UITests.swift in Sources */,
			);
			runOnlyForDeploymentPostprocessing = 0;
		};
/* End PBXSourcesBuildPhase section */

/* Begin PBXTargetDependency section */
		BF5ED97328F8F94C0014A1F1 /* PBXTargetDependency */ = {
			isa = PBXTargetDependency;
			target = BF5ED96028F8F94B0014A1F1 /* LogoDemo3 */;
			targetProxy = BF5ED97228F8F94C0014A1F1 /* PBXContainerItemProxy */;
		};
		BF5ED97D28F8F94C0014A1F1 /* PBXTargetDependency */ = {
			isa = PBXTargetDependency;
			target = BF5ED96028F8F94B0014A1F1 /* LogoDemo3 */;
			targetProxy = BF5ED97C28F8F94C0014A1F1 /* PBXContainerItemProxy */;
		};
/* End PBXTargetDependency section */

/* Begin XCBuildConfiguration section */
		BF5ED98328F8F94C0014A1F1 /* Debug */ = {
			isa = XCBuildConfiguration;
			buildSettings = {
				ALWAYS_SEARCH_USER_PATHS = NO;
				CLANG_ANALYZER_NONNULL = YES;
				CLANG_ANALYZER_NUMBER_OBJECT_CONVERSION = YES_AGGRESSIVE;
				CLANG_CXX_LANGUAGE_STANDARD = "gnu++20";
				CLANG_ENABLE_MODULES = YES;
				CLANG_ENABLE_OBJC_ARC = YES;
				CLANG_ENABLE_OBJC_WEAK = YES;
				CLANG_WARN_BLOCK_CAPTURE_AUTORELEASING = YES;
				CLANG_WARN_BOOL_CONVERSION = YES;
				CLANG_WARN_COMMA = YES;
				CLANG_WARN_CONSTANT_CONVERSION = YES;
				CLANG_WARN_DEPRECATED_OBJC_IMPLEMENTATIONS = YES;
				CLANG_WARN_DIRECT_OBJC_ISA_USAGE = YES_ERROR;
				CLANG_WARN_DOCUMENTATION_COMMENTS = YES;
				CLANG_WARN_EMPTY_BODY = YES;
				CLANG_WARN_ENUM_CONVERSION = YES;
				CLANG_WARN_INFINITE_RECURSION = YES;
				CLANG_WARN_INT_CONVERSION = YES;
				CLANG_WARN_NON_LITERAL_NULL_CONVERSION = YES;
				CLANG_WARN_OBJC_IMPLICIT_RETAIN_SELF = YES;
				CLANG_WARN_OBJC_LITERAL_CONVERSION = YES;
				CLANG_WARN_OBJC_ROOT_CLASS = YES_ERROR;
				CLANG_WARN_QUOTED_INCLUDE_IN_FRAMEWORK_HEADER = YES;
				CLANG_WARN_RANGE_LOOP_ANALYSIS = YES;
				CLANG_WARN_STRICT_PROTOTYPES = YES;
				CLANG_WARN_SUSPICIOUS_MOVE = YES;
				CLANG_WARN_UNGUARDED_AVAILABILITY = YES_AGGRESSIVE;
				CLANG_WARN_UNREACHABLE_CODE = YES;
				CLANG_WARN__DUPLICATE_METHOD_MATCH = YES;
				COPY_PHASE_STRIP = NO;
				DEBUG_INFORMATION_FORMAT = dwarf;
				ENABLE_STRICT_OBJC_MSGSEND = YES;
				ENABLE_TESTABILITY = YES;
				GCC_C_LANGUAGE_STANDARD = gnu11;
				GCC_DYNAMIC_NO_PIC = NO;
				GCC_NO_COMMON_BLOCKS = YES;
				GCC_OPTIMIZATION_LEVEL = 0;
				GCC_PREPROCESSOR_DEFINITIONS = (
					"DEBUG=1",
					"$(inherited)",
				);
				GCC_WARN_64_TO_32_BIT_CONVERSION = YES;
				GCC_WARN_ABOUT_RETURN_TYPE = YES_ERROR;
				GCC_WARN_UNDECLARED_SELECTOR = YES;
				GCC_WARN_UNINITIALIZED_AUTOS = YES_AGGRESSIVE;
				GCC_WARN_UNUSED_FUNCTION = YES;
				GCC_WARN_UNUSED_VARIABLE = YES;
				IPHONEOS_DEPLOYMENT_TARGET = 16.0;
				MTL_ENABLE_DEBUG_INFO = INCLUDE_SOURCE;
				MTL_FAST_MATH = YES;
				ONLY_ACTIVE_ARCH = YES;
				SDKROOT = iphoneos;
				SWIFT_ACTIVE_COMPILATION_CONDITIONS = DEBUG;
				SWIFT_OPTIMIZATION_LEVEL = "-Onone";
			};
			name = Debug;
		};
		BF5ED98428F8F94C0014A1F1 /* Release */ = {
			isa = XCBuildConfiguration;
			buildSettings = {
				ALWAYS_SEARCH_USER_PATHS = NO;
				CLANG_ANALYZER_NONNULL = YES;
				CLANG_ANALYZER_NUMBER_OBJECT_CONVERSION = YES_AGGRESSIVE;
				CLANG_CXX_LANGUAGE_STANDARD = "gnu++20";
				CLANG_ENABLE_MODULES = YES;
				CLANG_ENABLE_OBJC_ARC = YES;
				CLANG_ENABLE_OBJC_WEAK = YES;
				CLANG_WARN_BLOCK_CAPTURE_AUTORELEASING = YES;
				CLANG_WARN_BOOL_CONVERSION = YES;
				CLANG_WARN_COMMA = YES;
				CLANG_WARN_CONSTANT_CONVERSION = YES;
				CLANG_WARN_DEPRECATED_OBJC_IMPLEMENTATIONS = YES;
				CLANG_WARN_DIRECT_OBJC_ISA_USAGE = YES_ERROR;
				CLANG_WARN_DOCUMENTATION_COMMENTS = YES;
				CLANG_WARN_EMPTY_BODY = YES;
				CLANG_WARN_ENUM_CONVERSION = YES;
				CLANG_WARN_INFINITE_RECURSION = YES;
				CLANG_WARN_INT_CONVERSION = YES;
				CLANG_WARN_NON_LITERAL_NULL_CONVERSION = YES;
				CLANG_WARN_OBJC_IMPLICIT_RETAIN_SELF = YES;
				CLANG_WARN_OBJC_LITERAL_CONVERSION = YES;
				CLANG_WARN_OBJC_ROOT_CLASS = YES_ERROR;
				CLANG_WARN_QUOTED_INCLUDE_IN_FRAMEWORK_HEADER = YES;
				CLANG_WARN_RANGE_LOOP_ANALYSIS = YES;
				CLANG_WARN_STRICT_PROTOTYPES = YES;
				CLANG_WARN_SUSPICIOUS_MOVE = YES;
				CLANG_WARN_UNGUARDED_AVAILABILITY = YES_AGGRESSIVE;
				CLANG_WARN_UNREACHABLE_CODE = YES;
				CLANG_WARN__DUPLICATE_METHOD_MATCH = YES;
				COPY_PHASE_STRIP = NO;
				DEBUG_INFORMATION_FORMAT = "dwarf-with-dsym";
				ENABLE_NS_ASSERTIONS = NO;
				ENABLE_STRICT_OBJC_MSGSEND = YES;
				GCC_C_LANGUAGE_STANDARD = gnu11;
				GCC_NO_COMMON_BLOCKS = YES;
				GCC_WARN_64_TO_32_BIT_CONVERSION = YES;
				GCC_WARN_ABOUT_RETURN_TYPE = YES_ERROR;
				GCC_WARN_UNDECLARED_SELECTOR = YES;
				GCC_WARN_UNINITIALIZED_AUTOS = YES_AGGRESSIVE;
				GCC_WARN_UNUSED_FUNCTION = YES;
				GCC_WARN_UNUSED_VARIABLE = YES;
				IPHONEOS_DEPLOYMENT_TARGET = 16.0;
				MTL_ENABLE_DEBUG_INFO = NO;
				MTL_FAST_MATH = YES;
				SDKROOT = iphoneos;
				SWIFT_COMPILATION_MODE = wholemodule;
				SWIFT_OPTIMIZATION_LEVEL = "-O";
				VALIDATE_PRODUCT = YES;
			};
			name = Release;
		};
		BF5ED98628F8F94C0014A1F1 /* Debug */ = {
			isa = XCBuildConfiguration;
			buildSettings = {
				ASSETCATALOG_COMPILER_APPICON_NAME = AppIcon;
				ASSETCATALOG_COMPILER_GLOBAL_ACCENT_COLOR_NAME = AccentColor;
				CODE_SIGN_STYLE = Automatic;
				CURRENT_PROJECT_VERSION = 1;
				DEVELOPMENT_ASSET_PATHS = "\"LogoDemo3/Preview Content\"";
				DEVELOPMENT_TEAM = 9T3DK8DFL5;
				ENABLE_PREVIEWS = YES;
				GENERATE_INFOPLIST_FILE = YES;
				INFOPLIST_KEY_UIApplicationSceneManifest_Generation = YES;
				INFOPLIST_KEY_UIApplicationSupportsIndirectInputEvents = YES;
				INFOPLIST_KEY_UILaunchScreen_Generation = YES;
				INFOPLIST_KEY_UISupportedInterfaceOrientations_iPad = "UIInterfaceOrientationPortrait UIInterfaceOrientationPortraitUpsideDown UIInterfaceOrientationLandscapeLeft UIInterfaceOrientationLandscapeRight";
				INFOPLIST_KEY_UISupportedInterfaceOrientations_iPhone = "UIInterfaceOrientationPortrait UIInterfaceOrientationLandscapeLeft UIInterfaceOrientationLandscapeRight";
				LD_RUNPATH_SEARCH_PATHS = (
					"$(inherited)",
					"@executable_path/Frameworks",
				);
				MARKETING_VERSION = 1.0;
				PRODUCT_BUNDLE_IDENTIFIER = terrykuo.co.LogoDemo3;
				PRODUCT_NAME = "$(TARGET_NAME)";
				SWIFT_EMIT_LOC_STRINGS = YES;
				SWIFT_VERSION = 5.0;
				TARGETED_DEVICE_FAMILY = "1,2";
			};
			name = Debug;
		};
		BF5ED98728F8F94C0014A1F1 /* Release */ = {
			isa = XCBuildConfiguration;
			buildSettings = {
				ASSETCATALOG_COMPILER_APPICON_NAME = AppIcon;
				ASSETCATALOG_COMPILER_GLOBAL_ACCENT_COLOR_NAME = AccentColor;
				CODE_SIGN_STYLE = Automatic;
				CURRENT_PROJECT_VERSION = 1;
				DEVELOPMENT_ASSET_PATHS = "\"LogoDemo3/Preview Content\"";
				DEVELOPMENT_TEAM = 9T3DK8DFL5;
				ENABLE_PREVIEWS = YES;
				GENERATE_INFOPLIST_FILE = YES;
				INFOPLIST_KEY_UIApplicationSceneManifest_Generation = YES;
				INFOPLIST_KEY_UIApplicationSupportsIndirectInputEvents = YES;
				INFOPLIST_KEY_UILaunchScreen_Generation = YES;
				INFOPLIST_KEY_UISupportedInterfaceOrientations_iPad = "UIInterfaceOrientationPortrait UIInterfaceOrientationPortraitUpsideDown UIInterfaceOrientationLandscapeLeft UIInterfaceOrientationLandscapeRight";
				INFOPLIST_KEY_UISupportedInterfaceOrientations_iPhone = "UIInterfaceOrientationPortrait UIInterfaceOrientationLandscapeLeft UIInterfaceOrientationLandscapeRight";
				LD_RUNPATH_SEARCH_PATHS = (
					"$(inherited)",
					"@executable_path/Frameworks",
				);
				MARKETING_VERSION = 1.0;
				PRODUCT_BUNDLE_IDENTIFIER = terrykuo.co.LogoDemo3;
				PRODUCT_NAME = "$(TARGET_NAME)";
				SWIFT_EMIT_LOC_STRINGS = YES;
				SWIFT_VERSION = 5.0;
				TARGETED_DEVICE_FAMILY = "1,2";
			};
			name = Release;
		};
		BF5ED98928F8F94C0014A1F1 /* Debug */ = {
			isa = XCBuildConfiguration;
			buildSettings = {
				ALWAYS_EMBED_SWIFT_STANDARD_LIBRARIES = YES;
				BUNDLE_LOADER = "$(TEST_HOST)";
				CODE_SIGN_STYLE = Automatic;
				CURRENT_PROJECT_VERSION = 1;
				DEVELOPMENT_TEAM = 9T3DK8DFL5;
				GENERATE_INFOPLIST_FILE = YES;
				IPHONEOS_DEPLOYMENT_TARGET = 16.0;
				MARKETING_VERSION = 1.0;
				PRODUCT_BUNDLE_IDENTIFIER = terrykuo.co.LogoDemo3Tests;
				PRODUCT_NAME = "$(TARGET_NAME)";
				SWIFT_EMIT_LOC_STRINGS = NO;
				SWIFT_VERSION = 5.0;
				TARGETED_DEVICE_FAMILY = "1,2";
				TEST_HOST = "$(BUILT_PRODUCTS_DIR)/LogoDemo3.app/$(BUNDLE_EXECUTABLE_FOLDER_PATH)/LogoDemo3";
			};
			name = Debug;
		};
		BF5ED98A28F8F94C0014A1F1 /* Release */ = {
			isa = XCBuildConfiguration;
			buildSettings = {
				ALWAYS_EMBED_SWIFT_STANDARD_LIBRARIES = YES;
				BUNDLE_LOADER = "$(TEST_HOST)";
				CODE_SIGN_STYLE = Automatic;
				CURRENT_PROJECT_VERSION = 1;
				DEVELOPMENT_TEAM = 9T3DK8DFL5;
				GENERATE_INFOPLIST_FILE = YES;
				IPHONEOS_DEPLOYMENT_TARGET = 16.0;
				MARKETING_VERSION = 1.0;
				PRODUCT_BUNDLE_IDENTIFIER = terrykuo.co.LogoDemo3Tests;
				PRODUCT_NAME = "$(TARGET_NAME)";
				SWIFT_EMIT_LOC_STRINGS = NO;
				SWIFT_VERSION = 5.0;
				TARGETED_DEVICE_FAMILY = "1,2";
				TEST_HOST = "$(BUILT_PRODUCTS_DIR)/LogoDemo3.app/$(BUNDLE_EXECUTABLE_FOLDER_PATH)/LogoDemo3";
			};
			name = Release;
		};
		BF5ED98C28F8F94C0014A1F1 /* Debug */ = {
			isa = XCBuildConfiguration;
			buildSettings = {
				ALWAYS_EMBED_SWIFT_STANDARD_LIBRARIES = YES;
				CODE_SIGN_STYLE = Automatic;
				CURRENT_PROJECT_VERSION = 1;
				DEVELOPMENT_TEAM = 9T3DK8DFL5;
				GENERATE_INFOPLIST_FILE = YES;
				MARKETING_VERSION = 1.0;
				PRODUCT_BUNDLE_IDENTIFIER = terrykuo.co.LogoDemo3UITests;
				PRODUCT_NAME = "$(TARGET_NAME)";
				SWIFT_EMIT_LOC_STRINGS = NO;
				SWIFT_VERSION = 5.0;
				TARGETED_DEVICE_FAMILY = "1,2";
				TEST_TARGET_NAME = LogoDemo3;
			};
			name = Debug;
		};
		BF5ED98D28F8F94C0014A1F1 /* Release */ = {
			isa = XCBuildConfiguration;
			buildSettings = {
				ALWAYS_EMBED_SWIFT_STANDARD_LIBRARIES = YES;
				CODE_SIGN_STYLE = Automatic;
				CURRENT_PROJECT_VERSION = 1;
				DEVELOPMENT_TEAM = 9T3DK8DFL5;
				GENERATE_INFOPLIST_FILE = YES;
				MARKETING_VERSION = 1.0;
				PRODUCT_BUNDLE_IDENTIFIER = terrykuo.co.LogoDemo3UITests;
				PRODUCT_NAME = "$(TARGET_NAME)";
				SWIFT_EMIT_LOC_STRINGS = NO;
				SWIFT_VERSION = 5.0;
				TARGETED_DEVICE_FAMILY = "1,2";
				TEST_TARGET_NAME = LogoDemo3;
			};
			name = Release;
		};
/* End XCBuildConfiguration section */

/* Begin XCConfigurationList section */
		BF5ED95C28F8F94B0014A1F1 /* Build configuration list for PBXProject "LogoDemo3" */ = {
			isa = XCConfigurationList;
			buildConfigurations = (
				BF5ED98328F8F94C0014A1F1 /* Debug */,
				BF5ED98428F8F94C0014A1F1 /* Release */,
			);
			defaultConfigurationIsVisible = 0;
			defaultConfigurationName = Release;
		};
		BF5ED98528F8F94C0014A1F1 /* Build configuration list for PBXNativeTarget "LogoDemo3" */ = {
			isa = XCConfigurationList;
			buildConfigurations = (
				BF5ED98628F8F94C0014A1F1 /* Debug */,
				BF5ED98728F8F94C0014A1F1 /* Release */,
			);
			defaultConfigurationIsVisible = 0;
			defaultConfigurationName = Release;
		};
		BF5ED98828F8F94C0014A1F1 /* Build configuration list for PBXNativeTarget "LogoDemo3Tests" */ = {
			isa = XCConfigurationList;
			buildConfigurations = (
				BF5ED98928F8F94C0014A1F1 /* Debug */,
				BF5ED98A28F8F94C0014A1F1 /* Release */,
			);
			defaultConfigurationIsVisible = 0;
			defaultConfigurationName = Release;
		};
		BF5ED98B28F8F94C0014A1F1 /* Build configuration list for PBXNativeTarget "LogoDemo3UITests" */ = {
			isa = XCConfigurationList;
			buildConfigurations = (
				BF5ED98C28F8F94C0014A1F1 /* Debug */,
				BF5ED98D28F8F94C0014A1F1 /* Release */,
			);
			defaultConfigurationIsVisible = 0;
			defaultConfigurationName = Release;
		};
/* End XCConfigurationList section */

/* Begin XCRemoteSwiftPackageReference section */
		BF1319462A84BAD700AA0EDD /* XCRemoteSwiftPackageReference "mobile-sdk-ios" */ = {
			isa = XCRemoteSwiftPackageReference;
			repositoryURL = "https://github.com/crowdin/mobile-sdk-ios.git";
			requirement = {
				kind = upToNextMajorVersion;
				minimumVersion = 1.0.0;
			};
		};
/* End XCRemoteSwiftPackageReference section */

/* Begin XCSwiftPackageProductDependency section */
		BF1319472A84BAD700AA0EDD /* CrowdinSDK */ = {
			isa = XCSwiftPackageProductDependency;
			package = BF1319462A84BAD700AA0EDD /* XCRemoteSwiftPackageReference "mobile-sdk-ios" */;
			productName = CrowdinSDK;
		};
/* End XCSwiftPackageProductDependency section */

/* Begin XCVersionGroup section */
		BF27BF60291A405E007BA722 /* Bookworm.xcdatamodeld */ = {
			isa = XCVersionGroup;
			children = (
				BF27BF61291A405E007BA722 /* Bookworm.xcdatamodel */,
			);
			currentVersion = BF27BF61291A405E007BA722 /* Bookworm.xcdatamodel */;
			path = Bookworm.xcdatamodeld;
			sourceTree = "<group>";
			versionGroupType = wrapper.xcdatamodel;
		};
/* End XCVersionGroup section */
	};
	rootObject = BF5ED95928F8F94B0014A1F1 /* Project object */;
}
