// !$*UTF8*$!
{
	archiveVersion = 1;
	classes = {
	};
	objectVersion = 56;
	objects = {

/* Begin PBXBuildFile section */
		BF5ED96528F8F94B0014A1F1 /* LogoDemo3App.swift in Sources */ = {isa = PBXBuildFile; fileRef = BF5ED96428F8F94B0014A1F1 /* LogoDemo3App.swift */; };
		BF5ED96728F8F94B0014A1F1 /* ContentView.swift in Sources */ = {isa = PBXBuildFile; fileRef = BF5ED96628F8F94B0014A1F1 /* ContentView.swift */; };
		BF5ED96928F8F94C0014A1F1 /* Assets.xcassets in Resources */ = {isa = PBXBuildFile; fileRef = BF5ED96828F8F94C0014A1F1 /* Assets.xcassets */; };
		BF5ED96C28F8F94C0014A1F1 /* Preview Assets.xcassets in Resources */ = {isa = PBXBuildFile; fileRef = BF5ED96B28F8F94C0014A1F1 /* Preview Assets.xcassets */; };
		BF5ED97628F8F94C0014A1F1 /* LogoDemo3Tests.swift in Sources */ = {isa = PBXBuildFile; fileRef = BF5ED97528F8F94C0014A1F1 /* LogoDemo3Tests.swift */; };
		BF5ED98028F8F94C0014A1F1 /* LogoDemo3UITests.swift in Sources */ = {isa = PBXBuildFile; fileRef = BF5ED97F28F8F94C0014A1F1 /* LogoDemo3UITests.swift */; };
		BF5ED98228F8F94C0014A1F1 /* LogoDemo3UITestsLaunchTests.swift in Sources */ = {isa = PBXBuildFile; fileRef = BF5ED98128F8F94C0014A1F1 /* LogoDemo3UITestsLaunchTests.swift */; };
/* End PBXBuildFile section */

/* Begin PBXContainerItemProxy section */
		BF5ED97228F8F94C0014A1F1 /* PBXContainerItemProxy */ = {
			isa = PBXContainerItemProxy;
			containerPortal = BF5ED95928F8F94B0014A1F1 /* Project object */;
			proxyType = 1;
			remoteGlobalIDString = BF5ED96028F8F94B0014A1F1;
			remoteInfo = LogoDemo3;
		};
		BF5ED97C28F8F94C0014A1F1 /* PBXContainerItemProxy */ = {
			isa = PBXContainerItemProxy;
			containerPortal = BF5ED95928F8F94B0014A1F1 /* Project object */;
			proxyType = 1;
			remoteGlobalIDString = BF5ED96028F8F94B0014A1F1;
			remoteInfo = LogoDemo3;
		};
/* End PBXContainerItemProxy section */

/* Begin PBXFileReference section */
		BF5ED96128F8F94B0014A1F1 /* LogoDemo3.app */ = {isa = PBXFileReference; explicitFileType = wrapper.application; includeInIndex = 0; path = LogoDemo3.app; sourceTree = BUILT_PRODUCTS_DIR; };
		BF5ED96428F8F94B0014A1F1 /* LogoDemo3App.swift */ = {isa = PBXFileReference; lastKnownFileType = sourcecode.swift; path = LogoDemo3App.swift; sourceTree = "<group>"; };
		BF5ED96628F8F94B0014A1F1 /* ContentView.swift */ = {isa = PBXFileReference; lastKnownFileType = sourcecode.swift; path = ContentView.swift; sourceTree = "<group>"; };
		BF5ED96828F8F94C0014A1F1 /* Assets.xcassets */ = {isa = PBXFileReference; lastKnownFileType = folder.assetcatalog; path = Assets.xcassets; sourceTree = "<group>"; };
		BF5ED96B28F8F94C0014A1F1 /* Preview Assets.xcassets */ = {isa = PBXFileReference; lastKnownFileType = folder.assetcatalog; path = "Preview Assets.xcassets"; sourceTree = "<group>"; };
		BF5ED97128F8F94C0014A1F1 /* LogoDemo3Tests.xctest */ = {isa = PBXFileReference; explicitFileType = wrapper.cfbundle; includeInIndex = 0; path = LogoDemo3Tests.xctest; sourceTree = BUILT_PRODUCTS_DIR; };
		BF5ED97528F8F94C0014A1F1 /* LogoDemo3Tests.swift */ = {isa = PBXFileReference; lastKnownFileType = sourcecode.swift; path = LogoDemo3Tests.swift; sourceTree = "<group>"; };
		BF5ED97B28F8F94C0014A1F1 /* LogoDemo3UITests.xctest */ = {isa = PBXFileReference; explicitFileType = wrapper.cfbundle; includeInIndex = 0; path = LogoDemo3UITests.xctest; sourceTree = BUILT_PRODUCTS_DIR; };
		BF5ED97F28F8F94C0014A1F1 /* LogoDemo3UITests.swift */ = {isa = PBXFileReference; lastKnownFileType = sourcecode.swift; path = LogoDemo3UITests.swift; sourceTree = "<group>"; };
		BF5ED98128F8F94C0014A1F1 /* LogoDemo3UITestsLaunchTests.swift */ = {isa = PBXFileReference; lastKnownFileType = sourcecode.swift; path = LogoDemo3UITestsLaunchTests.swift; sourceTree = "<group>"; };
/* End PBXFileReference section */

/* Begin PBXFrameworksBuildPhase section */
		BF5ED95E28F8F94B0014A1F1 /* Frameworks */ = {
			isa = PBXFrameworksBuildPhase;
			buildActionMask = 2147483647;
			files = (
			);
			runOnlyForDeploymentPostprocessing = 0;
		};
		BF5ED96E28F8F94C0014A1F1 /* Frameworks */ = {
			isa = PBXFrameworksBuildPhase;
			buildActionMask = 2147483647;
			files = (
			);
			runOnlyForDeploymentPostprocessing = 0;
		};
		BF5ED97828F8F94C0014A1F1 /* Frameworks */ = {
			isa = PBXFrameworksBuildPhase;
			buildActionMask = 2147483647;
			files = (
			);
			runOnlyForDeploymentPostprocessing = 0;
		};
/* End PBXFrameworksBuildPhase section */

/* Begin PBXGroup section */
		BF5ED95828F8F94B0014A1F1 = {
			isa = PBXGroup;
			children = (
				BF5ED96328F8F94B0014A1F1 /* LogoDemo3 */,
				BF5ED97428F8F94C0014A1F1 /* LogoDemo3Tests */,
				BF5ED97E28F8F94C0014A1F1 /* LogoDemo3UITests */,
				BF5ED96228F8F94B0014A1F1 /* Products */,
			);
			sourceTree = "<group>";
		};
		BF5ED96228F8F94B0014A1F1 /* Products */ = {
			isa = PBXGroup;
			children = (
				BF5ED96128F8F94B0014A1F1 /* LogoDemo3.app */,
				BF5ED97128F8F94C0014A1F1 /* LogoDemo3Tests.xctest */,
				BF5ED97B28F8F94C0014A1F1 /* LogoDemo3UITests.xctest */,
			);
			name = Products;
			sourceTree = "<group>";
		};
		BF5ED96328F8F94B0014A1F1 /* LogoDemo3 */ = {
			isa = PBXGroup;
			children = (
				BF5ED96428F8F94B0014A1F1 /* LogoDemo3App.swift */,
				BF5ED96628F8F94B0014A1F1 /* ContentView.swift */,
				BF5ED96828F8F94C0014A1F1 /* Assets.xcassets */,
				BF5ED96A28F8F94C0014A1F1 /* Preview Content */,
			);
			path = LogoDemo3;
			sourceTree = "<group>";
		};
		BF5ED96A28F8F94C0014A1F1 /* Preview Content */ = {
			isa = PBXGroup;
			children = (
				BF5ED96B28F8F94C0014A1F1 /* Preview Assets.xcassets */,
			);
			path = "Preview Content";
			sourceTree = "<group>";
		};
		BF5ED97428F8F94C0014A1F1 /* LogoDemo3Tests */ = {
			isa = PBXGroup;
			children = (
				BF5ED97528F8F94C0014A1F1 /* LogoDemo3Tests.swift */,
			);
			path = LogoDemo3Tests;
			sourceTree = "<group>";
		};
		BF5ED97E28F8F94C0014A1F1 /* LogoDemo3UITests */ = {
			isa = PBXGroup;
			children = (
				BF5ED97F28F8F94C0014A1F1 /* LogoDemo3UITests.swift */,
				BF5ED98128F8F94C0014A1F1 /* LogoDemo3UITestsLaunchTests.swift */,
			);
			path = LogoDemo3UITests;
			sourceTree = "<group>";
		};
/* End PBXGroup section */

/* Begin PBXNativeTarget section */
		BF5ED96028F8F94B0014A1F1 /* LogoDemo3 */ = {
			isa = PBXNativeTarget;
			buildConfigurationList = BF5ED98528F8F94C0014A1F1 /* Build configuration list for PBXNativeTarget "LogoDemo3" */;
			buildPhases = (
				BF5ED95D28F8F94B0014A1F1 /* Sources */,
				BF5ED95E28F8F94B0014A1F1 /* Frameworks */,
				BF5ED95F28F8F94B0014A1F1 /* Resources */,
			);
			buildRules = (
			);
			dependencies = (
			);
			name = LogoDemo3;
			productName = LogoDemo3;
			productReference = BF5ED96128F8F94B0014A1F1 /* LogoDemo3.app */;
			productType = "com.apple.product-type.application";
		};
		BF5ED97028F8F94C0014A1F1 /* LogoDemo3Tests */ = {
			isa = PBXNativeTarget;
			buildConfigurationList = BF5ED98828F8F94C0014A1F1 /* Build configuration list for PBXNativeTarget "LogoDemo3Tests" */;
			buildPhases = (
				BF5ED96D28F8F94C0014A1F1 /* Sources */,
				BF5ED96E28F8F94C0014A1F1 /* Frameworks */,
				BF5ED96F28F8F94C0014A1F1 /* Resources */,
			);
			buildRules = (
			);
			dependencies = (
				BF5ED97328F8F94C0014A1F1 /* PBXTargetDependency */,
			);
			name = LogoDemo3Tests;
			productName = LogoDemo3Tests;
			productReference = BF5ED97128F8F94C0014A1F1 /* LogoDemo3Tests.xctest */;
			productType = "com.apple.product-type.bundle.unit-test";
		};
		BF5ED97A28F8F94C0014A1F1 /* LogoDemo3UITests */ = {
			isa = PBXNativeTarget;
			buildConfigurationList = BF5ED98B28F8F94C0014A1F1 /* Build configuration list for PBXNativeTarget "LogoDemo3UITests" */;
			buildPhases = (
				BF5ED97728F8F94C0014A1F1 /* Sources */,
				BF5ED97828F8F94C0014A1F1 /* Frameworks */,
				BF5ED97928F8F94C0014A1F1 /* Resources */,
			);
			buildRules = (
			);
			dependencies = (
				BF5ED97D28F8F94C0014A1F1 /* PBXTargetDependency */,
			);
			name = LogoDemo3UITests;
			productName = LogoDemo3UITests;
			productReference = BF5ED97B28F8F94C0014A1F1 /* LogoDemo3UITests.xctest */;
			productType = "com.apple.product-type.bundle.ui-testing";
		};
/* End PBXNativeTarget section */

/* Begin PBXProject section */
		BF5ED95928F8F94B0014A1F1 /* Project object */ = {
			isa = PBXProject;
			attributes = {
				BuildIndependentTargetsInParallel = 1;
				LastSwiftUpdateCheck = 1400;
				LastUpgradeCheck = 1400;
				TargetAttributes = {
					BF5ED96028F8F94B0014A1F1 = {
						CreatedOnToolsVersion = 14.0.1;
					};
					BF5ED97028F8F94C0014A1F1 = {
						CreatedOnToolsVersion = 14.0.1;
						TestTargetID = BF5ED96028F8F94B0014A1F1;
					};
					BF5ED97A28F8F94C0014A1F1 = {
						CreatedOnToolsVersion = 14.0.1;
						TestTargetID = BF5ED96028F8F94B0014A1F1;
					};
				};
			};
			buildConfigurationList = BF5ED95C28F8F94B0014A1F1 /* Build configuration list for PBXProject "LogoDemo3" */;
			compatibilityVersion = "Xcode 14.0";
			developmentRegion = en;
			hasScannedForEncodings = 0;
			knownRegions = (
				en,
				Base,
			);
			mainGroup = BF5ED95828F8F94B0014A1F1;
			productRefGroup = BF5ED96228F8F94B0014A1F1 /* Products */;
			projectDirPath = "";
			projectRoot = "";
			targets = (
				BF5ED96028F8F94B0014A1F1 /* LogoDemo3 */,
				BF5ED97028F8F94C0014A1F1 /* LogoDemo3Tests */,
				BF5ED97A28F8F94C0014A1F1 /* LogoDemo3UITests */,
			);
		};
/* End PBXProject section */

/* Begin PBXResourcesBuildPhase section */
		BF5ED95F28F8F94B0014A1F1 /* Resources */ = {
			isa = PBXResourcesBuildPhase;
			buildActionMask = 2147483647;
			files = (
				BF5ED96C28F8F94C0014A1F1 /* Preview Assets.xcassets in Resources */,
				BF5ED96928F8F94C0014A1F1 /* Assets.xcassets in Resources */,
			);
			runOnlyForDeploymentPostprocessing = 0;
		};
		BF5ED96F28F8F94C0014A1F1 /* Resources */ = {
			isa = PBXResourcesBuildPhase;
			buildActionMask = 2147483647;
			files = (
			);
			runOnlyForDeploymentPostprocessing = 0;
		};
		BF5ED97928F8F94C0014A1F1 /* Resources */ = {
			isa = PBXResourcesBuildPhase;
			buildActionMask = 2147483647;
			files = (
			);
			runOnlyForDeploymentPostprocessing = 0;
		};
/* End PBXResourcesBuildPhase section */

/* Begin PBXSourcesBuildPhase section */
		BF5ED95D28F8F94B0014A1F1 /* Sources */ = {
			isa = PBXSourcesBuildPhase;
			buildActionMask = 2147483647;
			files = (
				BF5ED96728F8F94B0014A1F1 /* ContentView.swift in Sources */,
				BF5ED96528F8F94B0014A1F1 /* LogoDemo3App.swift in Sources */,
			);
			runOnlyForDeploymentPostprocessing = 0;
		};
		BF5ED96D28F8F94C0014A1F1 /* Sources */ = {
			isa = PBXSourcesBuildPhase;
			buildActionMask = 2147483647;
			files = (
				BF5ED97628F8F94C0014A1F1 /* LogoDemo3Tests.swift in Sources */,
			);
			runOnlyForDeploymentPostprocessing = 0;
		};
		BF5ED97728F8F94C0014A1F1 /* Sources */ = {
			isa = PBXSourcesBuildPhase;
			buildActionMask = 2147483647;
			files = (
				BF5ED98228F8F94C0014A1F1 /* LogoDemo3UITestsLaunchTests.swift in Sources */,
				BF5ED98028F8F94C0014A1F1 /* LogoDemo3UITests.swift in Sources */,
			);
			runOnlyForDeploymentPostprocessing = 0;
		};
/* End PBXSourcesBuildPhase section */

/* Begin PBXTargetDependency section */
		BF5ED97328F8F94C0014A1F1 /* PBXTargetDependency */ = {
			isa = PBXTargetDependency;
			target = BF5ED96028F8F94B0014A1F1 /* LogoDemo3 */;
			targetProxy = BF5ED97228F8F94C0014A1F1 /* PBXContainerItemProxy */;
		};
		BF5ED97D28F8F94C0014A1F1 /* PBXTargetDependency */ = {
			isa = PBXTargetDependency;
			target = BF5ED96028F8F94B0014A1F1 /* LogoDemo3 */;
			targetProxy = BF5ED97C28F8F94C0014A1F1 /* PBXContainerItemProxy */;
		};
/* End PBXTargetDependency section */

/* Begin XCBuildConfiguration section */
		BF5ED98328F8F94C0014A1F1 /* Debug */ = {
			isa = XCBuildConfiguration;
			buildSettings = {
				ALWAYS_SEARCH_USER_PATHS = NO;
				CLANG_ANALYZER_NONNULL = YES;
				CLANG_ANALYZER_NUMBER_OBJECT_CONVERSION = YES_AGGRESSIVE;
				CLANG_CXX_LANGUAGE_STANDARD = "gnu++20";
				CLANG_ENABLE_MODULES = YES;
				CLANG_ENABLE_OBJC_ARC = YES;
				CLANG_ENABLE_OBJC_WEAK = YES;
				CLANG_WARN_BLOCK_CAPTURE_AUTORELEASING = YES;
				CLANG_WARN_BOOL_CONVERSION = YES;
				CLANG_WARN_COMMA = YES;
				CLANG_WARN_CONSTANT_CONVERSION = YES;
				CLANG_WARN_DEPRECATED_OBJC_IMPLEMENTATIONS = YES;
				CLANG_WARN_DIRECT_OBJC_ISA_USAGE = YES_ERROR;
				CLANG_WARN_DOCUMENTATION_COMMENTS = YES;
				CLANG_WARN_EMPTY_BODY = YES;
				CLANG_WARN_ENUM_CONVERSION = YES;
				CLANG_WARN_INFINITE_RECURSION = YES;
				CLANG_WARN_INT_CONVERSION = YES;
				CLANG_WARN_NON_LITERAL_NULL_CONVERSION = YES;
				CLANG_WARN_OBJC_IMPLICIT_RETAIN_SELF = YES;
				CLANG_WARN_OBJC_LITERAL_CONVERSION = YES;
				CLANG_WARN_OBJC_ROOT_CLASS = YES_ERROR;
				CLANG_WARN_QUOTED_INCLUDE_IN_FRAMEWORK_HEADER = YES;
				CLANG_WARN_RANGE_LOOP_ANALYSIS = YES;
				CLANG_WARN_STRICT_PROTOTYPES = YES;
				CLANG_WARN_SUSPICIOUS_MOVE = YES;
				CLANG_WARN_UNGUARDED_AVAILABILITY = YES_AGGRESSIVE;
				CLANG_WARN_UNREACHABLE_CODE = YES;
				CLANG_WARN__DUPLICATE_METHOD_MATCH = YES;
				COPY_PHASE_STRIP = NO;
				DEBUG_INFORMATION_FORMAT = dwarf;
				ENABLE_STRICT_OBJC_MSGSEND = YES;
				ENABLE_TESTABILITY = YES;
				GCC_C_LANGUAGE_STANDARD = gnu11;
				GCC_DYNAMIC_NO_PIC = NO;
				GCC_NO_COMMON_BLOCKS = YES;
				GCC_OPTIMIZATION_LEVEL = 0;
				GCC_PREPROCESSOR_DEFINITIONS = (
					"DEBUG=1",
					"$(inherited)",
				);
				GCC_WARN_64_TO_32_BIT_CONVERSION = YES;
				GCC_WARN_ABOUT_RETURN_TYPE = YES_ERROR;
				GCC_WARN_UNDECLARED_SELECTOR = YES;
				GCC_WARN_UNINITIALIZED_AUTOS = YES_AGGRESSIVE;
				GCC_WARN_UNUSED_FUNCTION = YES;
				GCC_WARN_UNUSED_VARIABLE = YES;
				IPHONEOS_DEPLOYMENT_TARGET = 16.0;
				MTL_ENABLE_DEBUG_INFO = INCLUDE_SOURCE;
				MTL_FAST_MATH = YES;
				ONLY_ACTIVE_ARCH = YES;
				SDKROOT = iphoneos;
				SWIFT_ACTIVE_COMPILATION_CONDITIONS = DEBUG;
				SWIFT_OPTIMIZATION_LEVEL = "-Onone";
			};
			name = Debug;
		};
		BF5ED98428F8F94C0014A1F1 /* Release */ = {
			isa = XCBuildConfiguration;
			buildSettings = {
				ALWAYS_SEARCH_USER_PATHS = NO;
				CLANG_ANALYZER_NONNULL = YES;
				CLANG_ANALYZER_NUMBER_OBJECT_CONVERSION = YES_AGGRESSIVE;
				CLANG_CXX_LANGUAGE_STANDARD = "gnu++20";
				CLANG_ENABLE_MODULES = YES;
				CLANG_ENABLE_OBJC_ARC = YES;
				CLANG_ENABLE_OBJC_WEAK = YES;
				CLANG_WARN_BLOCK_CAPTURE_AUTORELEASING = YES;
				CLANG_WARN_BOOL_CONVERSION = YES;
				CLANG_WARN_COMMA = YES;
				CLANG_WARN_CONSTANT_CONVERSION = YES;
				CLANG_WARN_DEPRECATED_OBJC_IMPLEMENTATIONS = YES;
				CLANG_WARN_DIRECT_OBJC_ISA_USAGE = YES_ERROR;
				CLANG_WARN_DOCUMENTATION_COMMENTS = YES;
				CLANG_WARN_EMPTY_BODY = YES;
				CLANG_WARN_ENUM_CONVERSION = YES;
				CLANG_WARN_INFINITE_RECURSION = YES;
				CLANG_WARN_INT_CONVERSION = YES;
				CLANG_WARN_NON_LITERAL_NULL_CONVERSION = YES;
				CLANG_WARN_OBJC_IMPLICIT_RETAIN_SELF = YES;
				CLANG_WARN_OBJC_LITERAL_CONVERSION = YES;
				CLANG_WARN_OBJC_ROOT_CLASS = YES_ERROR;
				CLANG_WARN_QUOTED_INCLUDE_IN_FRAMEWORK_HEADER = YES;
				CLANG_WARN_RANGE_LOOP_ANALYSIS = YES;
				CLANG_WARN_STRICT_PROTOTYPES = YES;
				CLANG_WARN_SUSPICIOUS_MOVE = YES;
				CLANG_WARN_UNGUARDED_AVAILABILITY = YES_AGGRESSIVE;
				CLANG_WARN_UNREACHABLE_CODE = YES;
				CLANG_WARN__DUPLICATE_METHOD_MATCH = YES;
				COPY_PHASE_STRIP = NO;
				DEBUG_INFORMATION_FORMAT = "dwarf-with-dsym";
				ENABLE_NS_ASSERTIONS = NO;
				ENABLE_STRICT_OBJC_MSGSEND = YES;
				GCC_C_LANGUAGE_STANDARD = gnu11;
				GCC_NO_COMMON_BLOCKS = YES;
				GCC_WARN_64_TO_32_BIT_CONVERSION = YES;
				GCC_WARN_ABOUT_RETURN_TYPE = YES_ERROR;
				GCC_WARN_UNDECLARED_SELECTOR = YES;
				GCC_WARN_UNINITIALIZED_AUTOS = YES_AGGRESSIVE;
				GCC_WARN_UNUSED_FUNCTION = YES;
				GCC_WARN_UNUSED_VARIABLE = YES;
				IPHONEOS_DEPLOYMENT_TARGET = 16.0;
				MTL_ENABLE_DEBUG_INFO = NO;
				MTL_FAST_MATH = YES;
				SDKROOT = iphoneos;
				SWIFT_COMPILATION_MODE = wholemodule;
				SWIFT_OPTIMIZATION_LEVEL = "-O";
				VALIDATE_PRODUCT = YES;
			};
			name = Release;
		};
		BF5ED98628F8F94C0014A1F1 /* Debug */ = {
			isa = XCBuildConfiguration;
			buildSettings = {
				ASSETCATALOG_COMPILER_APPICON_NAME = AppIcon;
				ASSETCATALOG_COMPILER_GLOBAL_ACCENT_COLOR_NAME = AccentColor;
				CODE_SIGN_STYLE = Automatic;
				CURRENT_PROJECT_VERSION = 1;
				DEVELOPMENT_ASSET_PATHS = "\"LogoDemo3/Preview Content\"";
				DEVELOPMENT_TEAM = 9T3DK8DFL5;
				ENABLE_PREVIEWS = YES;
				GENERATE_INFOPLIST_FILE = YES;
				INFOPLIST_KEY_UIApplicationSceneManifest_Generation = YES;
				INFOPLIST_KEY_UIApplicationSupportsIndirectInputEvents = YES;
				INFOPLIST_KEY_UILaunchScreen_Generation = YES;
				INFOPLIST_KEY_UISupportedInterfaceOrientations_iPad = "UIInterfaceOrientationPortrait UIInterfaceOrientationPortraitUpsideDown UIInterfaceOrientationLandscapeLeft UIInterfaceOrientationLandscapeRight";
				INFOPLIST_KEY_UISupportedInterfaceOrientations_iPhone = "UIInterfaceOrientationPortrait UIInterfaceOrientationLandscapeLeft UIInterfaceOrientationLandscapeRight";
				LD_RUNPATH_SEARCH_PATHS = (
					"$(inherited)",
					"@executable_path/Frameworks",
				);
				MARKETING_VERSION = 1.0;
				PRODUCT_BUNDLE_IDENTIFIER = terrykuo.co.LogoDemo3;
				PRODUCT_NAME = "$(TARGET_NAME)";
				SWIFT_EMIT_LOC_STRINGS = YES;
				SWIFT_VERSION = 5.0;
				TARGETED_DEVICE_FAMILY = "1,2";
			};
			name = Debug;
		};
		BF5ED98728F8F94C0014A1F1 /* Release */ = {
			isa = XCBuildConfiguration;
			buildSettings = {
				ASSETCATALOG_COMPILER_APPICON_NAME = AppIcon;
				ASSETCATALOG_COMPILER_GLOBAL_ACCENT_COLOR_NAME = AccentColor;
				CODE_SIGN_STYLE = Automatic;
				CURRENT_PROJECT_VERSION = 1;
				DEVELOPMENT_ASSET_PATHS = "\"LogoDemo3/Preview Content\"";
				DEVELOPMENT_TEAM = 9T3DK8DFL5;
				ENABLE_PREVIEWS = YES;
				GENERATE_INFOPLIST_FILE = YES;
				INFOPLIST_KEY_UIApplicationSceneManifest_Generation = YES;
				INFOPLIST_KEY_UIApplicationSupportsIndirectInputEvents = YES;
				INFOPLIST_KEY_UILaunchScreen_Generation = YES;
				INFOPLIST_KEY_UISupportedInterfaceOrientations_iPad = "UIInterfaceOrientationPortrait UIInterfaceOrientationPortraitUpsideDown UIInterfaceOrientationLandscapeLeft UIInterfaceOrientationLandscapeRight";
				INFOPLIST_KEY_UISupportedInterfaceOrientations_iPhone = "UIInterfaceOrientationPortrait UIInterfaceOrientationLandscapeLeft UIInterfaceOrientationLandscapeRight";
				LD_RUNPATH_SEARCH_PATHS = (
					"$(inherited)",
					"@executable_path/Frameworks",
				);
				MARKETING_VERSION = 1.0;
				PRODUCT_BUNDLE_IDENTIFIER = terrykuo.co.LogoDemo3;
				PRODUCT_NAME = "$(TARGET_NAME)";
				SWIFT_EMIT_LOC_STRINGS = YES;
				SWIFT_VERSION = 5.0;
				TARGETED_DEVICE_FAMILY = "1,2";
			};
			name = Release;
		};
		BF5ED98928F8F94C0014A1F1 /* Debug */ = {
			isa = XCBuildConfiguration;
			buildSettings = {
				ALWAYS_EMBED_SWIFT_STANDARD_LIBRARIES = YES;
				BUNDLE_LOADER = "$(TEST_HOST)";
				CODE_SIGN_STYLE = Automatic;
				CURRENT_PROJECT_VERSION = 1;
				DEVELOPMENT_TEAM = 9T3DK8DFL5;
				GENERATE_INFOPLIST_FILE = YES;
				IPHONEOS_DEPLOYMENT_TARGET = 16.0;
				MARKETING_VERSION = 1.0;
				PRODUCT_BUNDLE_IDENTIFIER = terrykuo.co.LogoDemo3Tests;
				PRODUCT_NAME = "$(TARGET_NAME)";
				SWIFT_EMIT_LOC_STRINGS = NO;
				SWIFT_VERSION = 5.0;
				TARGETED_DEVICE_FAMILY = "1,2";
				TEST_HOST = "$(BUILT_PRODUCTS_DIR)/LogoDemo3.app/$(BUNDLE_EXECUTABLE_FOLDER_PATH)/LogoDemo3";
			};
			name = Debug;
		};
		BF5ED98A28F8F94C0014A1F1 /* Release */ = {
			isa = XCBuildConfiguration;
			buildSettings = {
				ALWAYS_EMBED_SWIFT_STANDARD_LIBRARIES = YES;
				BUNDLE_LOADER = "$(TEST_HOST)";
				CODE_SIGN_STYLE = Automatic;
				CURRENT_PROJECT_VERSION = 1;
				DEVELOPMENT_TEAM = 9T3DK8DFL5;
				GENERATE_INFOPLIST_FILE = YES;
				IPHONEOS_DEPLOYMENT_TARGET = 16.0;
				MARKETING_VERSION = 1.0;
				PRODUCT_BUNDLE_IDENTIFIER = terrykuo.co.LogoDemo3Tests;
				PRODUCT_NAME = "$(TARGET_NAME)";
				SWIFT_EMIT_LOC_STRINGS = NO;
				SWIFT_VERSION = 5.0;
				TARGETED_DEVICE_FAMILY = "1,2";
				TEST_HOST = "$(BUILT_PRODUCTS_DIR)/LogoDemo3.app/$(BUNDLE_EXECUTABLE_FOLDER_PATH)/LogoDemo3";
			};
			name = Release;
		};
		BF5ED98C28F8F94C0014A1F1 /* Debug */ = {
			isa = XCBuildConfiguration;
			buildSettings = {
				ALWAYS_EMBED_SWIFT_STANDARD_LIBRARIES = YES;
				CODE_SIGN_STYLE = Automatic;
				CURRENT_PROJECT_VERSION = 1;
				DEVELOPMENT_TEAM = 9T3DK8DFL5;
				GENERATE_INFOPLIST_FILE = YES;
				MARKETING_VERSION = 1.0;
				PRODUCT_BUNDLE_IDENTIFIER = terrykuo.co.LogoDemo3UITests;
				PRODUCT_NAME = "$(TARGET_NAME)";
				SWIFT_EMIT_LOC_STRINGS = NO;
				SWIFT_VERSION = 5.0;
				TARGETED_DEVICE_FAMILY = "1,2";
				TEST_TARGET_NAME = LogoDemo3;
			};
			name = Debug;
		};
		BF5ED98D28F8F94C0014A1F1 /* Release */ = {
			isa = XCBuildConfiguration;
			buildSettings = {
				ALWAYS_EMBED_SWIFT_STANDARD_LIBRARIES = YES;
				CODE_SIGN_STYLE = Automatic;
				CURRENT_PROJECT_VERSION = 1;
				DEVELOPMENT_TEAM = 9T3DK8DFL5;
				GENERATE_INFOPLIST_FILE = YES;
				MARKETING_VERSION = 1.0;
				PRODUCT_BUNDLE_IDENTIFIER = terrykuo.co.LogoDemo3UITests;
				PRODUCT_NAME = "$(TARGET_NAME)";
				SWIFT_EMIT_LOC_STRINGS = NO;
				SWIFT_VERSION = 5.0;
				TARGETED_DEVICE_FAMILY = "1,2";
				TEST_TARGET_NAME = LogoDemo3;
			};
			name = Release;
		};
/* End XCBuildConfiguration section */

/* Begin XCConfigurationList section */
		BF5ED95C28F8F94B0014A1F1 /* Build configuration list for PBXProject "LogoDemo3" */ = {
			isa = XCConfigurationList;
			buildConfigurations = (
				BF5ED98328F8F94C0014A1F1 /* Debug */,
				BF5ED98428F8F94C0014A1F1 /* Release */,
			);
			defaultConfigurationIsVisible = 0;
			defaultConfigurationName = Release;
		};
		BF5ED98528F8F94C0014A1F1 /* Build configuration list for PBXNativeTarget "LogoDemo3" */ = {
			isa = XCConfigurationList;
			buildConfigurations = (
				BF5ED98628F8F94C0014A1F1 /* Debug */,
				BF5ED98728F8F94C0014A1F1 /* Release */,
			);
			defaultConfigurationIsVisible = 0;
			defaultConfigurationName = Release;
		};
		BF5ED98828F8F94C0014A1F1 /* Build configuration list for PBXNativeTarget "LogoDemo3Tests" */ = {
			isa = XCConfigurationList;
			buildConfigurations = (
				BF5ED98928F8F94C0014A1F1 /* Debug */,
				BF5ED98A28F8F94C0014A1F1 /* Release */,
			);
			defaultConfigurationIsVisible = 0;
			defaultConfigurationName = Release;
		};
		BF5ED98B28F8F94C0014A1F1 /* Build configuration list for PBXNativeTarget "LogoDemo3UITests" */ = {
			isa = XCConfigurationList;
			buildConfigurations = (
				BF5ED98C28F8F94C0014A1F1 /* Debug */,
				BF5ED98D28F8F94C0014A1F1 /* Release */,
			);
			defaultConfigurationIsVisible = 0;
			defaultConfigurationName = Release;
		};
/* End XCConfigurationList section */
	};
	rootObject = BF5ED95928F8F94B0014A1F1 /* Project object */;
}
